
Microsoft Visual Studio Solution File, Format Version 12.00
# Visual Studio Version 17
VisualStudioVersion = 17.0.31903.59
MinimumVisualStudioVersion = 10.0.40219.1
Project("{2150E333-8FDC-42A3-9474-1A3956D46DE8}") = "broker", "broker", "{50455CC1-F98F-470C-9D48-9AEA03AFB04A}"
EndProject
Project("{FAE04EC0-301F-11D3-BF4B-00C04F79EFBC}") = "PubSub", "broker\PubSub\PubSub.csproj", "{6A440210-045A-4139-9FEC-03DF36EFA366}"
EndProject
Project("{FAE04EC0-301F-11D3-BF4B-00C04F79EFBC}") = "PubSub.Api", "broker\PubSub.Api\PubSub.Api.csproj", "{BAE7182F-80F7-498A-BF2F-78DE187FE3C8}"
EndProject
Project("{FAE04EC0-301F-11D3-BF4B-00C04F79EFBC}") = "PubSub.Api.Tests", "broker\PubSub.Api.Tests\PubSub.Api.Tests.csproj", "{4782C9B8-34A1-4C50-9D49-F928158FE368}"
EndProject
Project("{2150E333-8FDC-42A3-9474-1A3956D46DE8}") = "tests", "tests", "{0CBFF220-06B3-47BC-BC5E-92B853ABE85B}"
EndProject
Project("{FAE04EC0-301F-11D3-BF4B-00C04F79EFBC}") = "PubSub.Storage.InMemory", "broker\PubSub.Storage.InMemory\PubSub.Storage.InMemory.csproj", "{DEB1B6BF-1A0C-4E21-B574-8FE7FB607B98}"
EndProject
Project("{2150E333-8FDC-42A3-9474-1A3956D46DE8}") = "publisher", "publisher", "{7B43EC9E-5B76-4F0D-92B3-08FEE7B958AC}"
EndProject
Project("{FAE04EC0-301F-11D3-BF4B-00C04F79EFBC}") = "OrderService.Core", "publisher\OrderService.Core\OrderService.Core.csproj", "{DAAC9629-76DA-4F5C-B45F-5A416F68D1B8}"
EndProject
Project("{FAE04EC0-301F-11D3-BF4B-00C04F79EFBC}") = "OrderService.Infrastructure", "publisher\OrderService.Infrastructure\OrderService.Infrastructure.csproj", "{93B8274D-F85C-48E9-A5C4-4FD77B8CE7DC}"
EndProject
Project("{FAE04EC0-301F-11D3-BF4B-00C04F79EFBC}") = "OrderService.IntegrationTests", "publisher\OrderService.IntegrationTests\OrderService.IntegrationTests.csproj", "{A9DE4207-A5FB-4E27-B89F-8A6BDD039890}"
EndProject
Project("{FAE04EC0-301F-11D3-BF4B-00C04F79EFBC}") = "OrderService.UnitTests", "publisher\OrderService.UnitTests\OrderService.UnitTests.csproj", "{89B8C965-C117-463A-A564-D6328C005D09}"
EndProject
Project("{FAE04EC0-301F-11D3-BF4B-00C04F79EFBC}") = "OrderService.WebApi", "publisher\OrderService.WebApi\OrderService.WebApi.csproj", "{6ED45608-62F7-4C0F-98B3-B01BDF2C6BDF}"
EndProject
Project("{FAE04EC0-301F-11D3-BF4B-00C04F79EFBC}") = "OrderService.EventsContracts", "publisher\OrderService.EventsContracts\OrderService.EventsContracts.csproj", "{E0A92514-D8B2-44A4-B275-18B6D402AD02}"
EndProject
Project("{2150E333-8FDC-42A3-9474-1A3956D46DE8}") = "tests", "tests", "{F446B82B-BC9C-4115-9AA2-47041FF9AC17}"
EndProject
Global
	GlobalSection(SolutionConfigurationPlatforms) = preSolution
		Debug|Any CPU = Debug|Any CPU
		Release|Any CPU = Release|Any CPU
	EndGlobalSection
	GlobalSection(SolutionProperties) = preSolution
		HideSolutionNode = FALSE
	EndGlobalSection
	GlobalSection(ProjectConfigurationPlatforms) = postSolution
		{6A440210-045A-4139-9FEC-03DF36EFA366}.Debug|Any CPU.ActiveCfg = Debug|Any CPU
		{6A440210-045A-4139-9FEC-03DF36EFA366}.Debug|Any CPU.Build.0 = Debug|Any CPU
		{6A440210-045A-4139-9FEC-03DF36EFA366}.Release|Any CPU.ActiveCfg = Release|Any CPU
		{6A440210-045A-4139-9FEC-03DF36EFA366}.Release|Any CPU.Build.0 = Release|Any CPU
		{BAE7182F-80F7-498A-BF2F-78DE187FE3C8}.Debug|Any CPU.ActiveCfg = Debug|Any CPU
		{BAE7182F-80F7-498A-BF2F-78DE187FE3C8}.Debug|Any CPU.Build.0 = Debug|Any CPU
		{BAE7182F-80F7-498A-BF2F-78DE187FE3C8}.Release|Any CPU.ActiveCfg = Release|Any CPU
		{BAE7182F-80F7-498A-BF2F-78DE187FE3C8}.Release|Any CPU.Build.0 = Release|Any CPU
		{4782C9B8-34A1-4C50-9D49-F928158FE368}.Debug|Any CPU.ActiveCfg = Debug|Any CPU
		{4782C9B8-34A1-4C50-9D49-F928158FE368}.Debug|Any CPU.Build.0 = Debug|Any CPU
		{4782C9B8-34A1-4C50-9D49-F928158FE368}.Release|Any CPU.ActiveCfg = Release|Any CPU
		{4782C9B8-34A1-4C50-9D49-F928158FE368}.Release|Any CPU.Build.0 = Release|Any CPU
		{DEB1B6BF-1A0C-4E21-B574-8FE7FB607B98}.Debug|Any CPU.ActiveCfg = Debug|Any CPU
		{DEB1B6BF-1A0C-4E21-B574-8FE7FB607B98}.Debug|Any CPU.Build.0 = Debug|Any CPU
		{DEB1B6BF-1A0C-4E21-B574-8FE7FB607B98}.Release|Any CPU.ActiveCfg = Release|Any CPU
		{DEB1B6BF-1A0C-4E21-B574-8FE7FB607B98}.Release|Any CPU.Build.0 = Release|Any CPU
		{DAAC9629-76DA-4F5C-B45F-5A416F68D1B8}.Debug|Any CPU.ActiveCfg = Debug|Any CPU
		{DAAC9629-76DA-4F5C-B45F-5A416F68D1B8}.Debug|Any CPU.Build.0 = Debug|Any CPU
		{DAAC9629-76DA-4F5C-B45F-5A416F68D1B8}.Release|Any CPU.ActiveCfg = Release|Any CPU
		{DAAC9629-76DA-4F5C-B45F-5A416F68D1B8}.Release|Any CPU.Build.0 = Release|Any CPU
		{93B8274D-F85C-48E9-A5C4-4FD77B8CE7DC}.Debug|Any CPU.ActiveCfg = Debug|Any CPU
		{93B8274D-F85C-48E9-A5C4-4FD77B8CE7DC}.Debug|Any CPU.Build.0 = Debug|Any CPU
		{93B8274D-F85C-48E9-A5C4-4FD77B8CE7DC}.Release|Any CPU.ActiveCfg = Release|Any CPU
		{93B8274D-F85C-48E9-A5C4-4FD77B8CE7DC}.Release|Any CPU.Build.0 = Release|Any CPU
		{A9DE4207-A5FB-4E27-B89F-8A6BDD039890}.Debug|Any CPU.ActiveCfg = Debug|Any CPU
		{A9DE4207-A5FB-4E27-B89F-8A6BDD039890}.Debug|Any CPU.Build.0 = Debug|Any CPU
		{A9DE4207-A5FB-4E27-B89F-8A6BDD039890}.Release|Any CPU.ActiveCfg = Release|Any CPU
		{A9DE4207-A5FB-4E27-B89F-8A6BDD039890}.Release|Any CPU.Build.0 = Release|Any CPU
		{89B8C965-C117-463A-A564-D6328C005D09}.Debug|Any CPU.ActiveCfg = Debug|Any CPU
		{89B8C965-C117-463A-A564-D6328C005D09}.Debug|Any CPU.Build.0 = Debug|Any CPU
		{89B8C965-C117-463A-A564-D6328C005D09}.Release|Any CPU.ActiveCfg = Release|Any CPU
		{89B8C965-C117-463A-A564-D6328C005D09}.Release|Any CPU.Build.0 = Release|Any CPU
		{6ED45608-62F7-4C0F-98B3-B01BDF2C6BDF}.Debug|Any CPU.ActiveCfg = Debug|Any CPU
		{6ED45608-62F7-4C0F-98B3-B01BDF2C6BDF}.Debug|Any CPU.Build.0 = Debug|Any CPU
		{6ED45608-62F7-4C0F-98B3-B01BDF2C6BDF}.Release|Any CPU.ActiveCfg = Release|Any CPU
		{6ED45608-62F7-4C0F-98B3-B01BDF2C6BDF}.Release|Any CPU.Build.0 = Release|Any CPU
		{E0A92514-D8B2-44A4-B275-18B6D402AD02}.Debug|Any CPU.ActiveCfg = Debug|Any CPU
		{E0A92514-D8B2-44A4-B275-18B6D402AD02}.Debug|Any CPU.Build.0 = Debug|Any CPU
		{E0A92514-D8B2-44A4-B275-18B6D402AD02}.Release|Any CPU.ActiveCfg = Release|Any CPU
		{E0A92514-D8B2-44A4-B275-18B6D402AD02}.Release|Any CPU.Build.0 = Release|Any CPU
	EndGlobalSection
	GlobalSection(NestedProjects) = preSolution
		{6A440210-045A-4139-9FEC-03DF36EFA366} = {50455CC1-F98F-470C-9D48-9AEA03AFB04A}
		{BAE7182F-80F7-498A-BF2F-78DE187FE3C8} = {50455CC1-F98F-470C-9D48-9AEA03AFB04A}
		{0CBFF220-06B3-47BC-BC5E-92B853ABE85B} = {50455CC1-F98F-470C-9D48-9AEA03AFB04A}
		{4782C9B8-34A1-4C50-9D49-F928158FE368} = {0CBFF220-06B3-47BC-BC5E-92B853ABE85B}
		{DEB1B6BF-1A0C-4E21-B574-8FE7FB607B98} = {50455CC1-F98F-470C-9D48-9AEA03AFB04A}
		{DAAC9629-76DA-4F5C-B45F-5A416F68D1B8} = {7B43EC9E-5B76-4F0D-92B3-08FEE7B958AC}
		{93B8274D-F85C-48E9-A5C4-4FD77B8CE7DC} = {7B43EC9E-5B76-4F0D-92B3-08FEE7B958AC}
		{6ED45608-62F7-4C0F-98B3-B01BDF2C6BDF} = {7B43EC9E-5B76-4F0D-92B3-08FEE7B958AC}
		{E0A92514-D8B2-44A4-B275-18B6D402AD02} = {7B43EC9E-5B76-4F0D-92B3-08FEE7B958AC}
		{F446B82B-BC9C-4115-9AA2-47041FF9AC17} = {7B43EC9E-5B76-4F0D-92B3-08FEE7B958AC}
		{89B8C965-C117-463A-A564-D6328C005D09} = {F446B82B-BC9C-4115-9AA2-47041FF9AC17}
		{A9DE4207-A5FB-4E27-B89F-8A6BDD039890} = {F446B82B-BC9C-4115-9AA2-47041FF9AC17}
	EndGlobalSection
EndGlobal
